
Microsoft Visual Studio Solution File, Format Version 12.00
# Visual Studio 14
VisualStudioVersion = 14.0.23107.0
MinimumVisualStudioVersion = 10.0.40219.1
Project("{8BC9CEB8-8B4A-11D0-8D11-00A0C91BC942}") = "MpegTSAnalyser", "MpegTSAnalyser\MpegTSAnalyser.vcxproj", "{ACE3894B-A809-4C31-8DAA-7F6E7BAC40BF}"
EndProject
Project("{8BC9CEB8-8B4A-11D0-8D11-00A0C91BC942}") = "LibMpegTS", "LibMpegTS\LibMpegTS.vcxproj", "{D1372F80-A2FE-4862-9EB1-2D37C1F203D1}"
EndProject
Project("{8BC9CEB8-8B4A-11D0-8D11-00A0C91BC942}") = "TestLibMpegTS", "TestLibMpegTS\TestLibMpegTS.vcxproj", "{5280741D-C5CD-44F1-88E9-82B37BFDE425}"
EndProject
Global
	GlobalSection(SolutionConfigurationPlatforms) = preSolution
		Debug|x64 = Debug|x64
		Debug|x86 = Debug|x86
		Release|x64 = Release|x64
		Release|x86 = Release|x86
	EndGlobalSection
	GlobalSection(ProjectConfigurationPlatforms) = postSolution
		{ACE3894B-A809-4C31-8DAA-7F6E7BAC40BF}.Debug|x64.ActiveCfg = Debug|x64
		{ACE3894B-A809-4C31-8DAA-7F6E7BAC40BF}.Debug|x64.Build.0 = Debug|x64
		{ACE3894B-A809-4C31-8DAA-7F6E7BAC40BF}.Debug|x86.ActiveCfg = Debug|Win32
		{ACE3894B-A809-4C31-8DAA-7F6E7BAC40BF}.Debug|x86.Build.0 = Debug|Win32
		{ACE3894B-A809-4C31-8DAA-7F6E7BAC40BF}.Release|x64.ActiveCfg = Release|x64
		{ACE3894B-A809-4C31-8DAA-7F6E7BAC40BF}.Release|x64.Build.0 = Release|x64
		{ACE3894B-A809-4C31-8DAA-7F6E7BAC40BF}.Release|x86.ActiveCfg = Release|Win32
		{ACE3894B-A809-4C31-8DAA-7F6E7BAC40BF}.Release|x86.Build.0 = Release|Win32
		{D1372F80-A2FE-4862-9EB1-2D37C1F203D1}.Debug|x64.ActiveCfg = Debug|x64
		{D1372F80-A2FE-4862-9EB1-2D37C1F203D1}.Debug|x64.Build.0 = Debug|x64
		{D1372F80-A2FE-4862-9EB1-2D37C1F203D1}.Debug|x86.ActiveCfg = Debug|Win32
		{D1372F80-A2FE-4862-9EB1-2D37C1F203D1}.Debug|x86.Build.0 = Debug|Win32
		{D1372F80-A2FE-4862-9EB1-2D37C1F203D1}.Release|x64.ActiveCfg = Release|x64
		{D1372F80-A2FE-4862-9EB1-2D37C1F203D1}.Release|x64.Build.0 = Release|x64
		{D1372F80-A2FE-4862-9EB1-2D37C1F203D1}.Release|x86.ActiveCfg = Release|Win32
		{D1372F80-A2FE-4862-9EB1-2D37C1F203D1}.Release|x86.Build.0 = Release|Win32
		{5280741D-C5CD-44F1-88E9-82B37BFDE425}.Debug|x64.ActiveCfg = Debug|x64
		{5280741D-C5CD-44F1-88E9-82B37BFDE425}.Debug|x64.Build.0 = Debug|x64
		{5280741D-C5CD-44F1-88E9-82B37BFDE425}.Debug|x86.ActiveCfg = Debug|Win32
		{5280741D-C5CD-44F1-88E9-82B37BFDE425}.Debug|x86.Build.0 = Debug|Win32
		{5280741D-C5CD-44F1-88E9-82B37BFDE425}.Release|x64.ActiveCfg = Release|x64
		{5280741D-C5CD-44F1-88E9-82B37BFDE425}.Release|x64.Build.0 = Release|x64
		{5280741D-C5CD-44F1-88E9-82B37BFDE425}.Release|x86.ActiveCfg = Release|Win32
		{5280741D-C5CD-44F1-88E9-82B37BFDE425}.Release|x86.Build.0 = Release|Win32
	EndGlobalSection
	GlobalSection(SolutionProperties) = preSolution
		HideSolutionNode = FALSE
	EndGlobalSection
EndGlobal
